
Microsoft Visual Studio Solution File, Format Version 12.00
# Visual Studio Version 16
VisualStudioVersion = 16.0.30128.36
MinimumVisualStudioVersion = 10.0.40219.1
Project("{9A19103F-16F7-4668-BE54-9A1E7A4F7556}") = "ShopCET46.Common", "ShopCET46.Common\ShopCET46.Common.csproj", "{7634B647-F4A5-431B-94B8-BF2712729013}"
EndProject
Project("{9A19103F-16F7-4668-BE54-9A1E7A4F7556}") = "ShopCET46.Web", "ShopCET46.Web\ShopCET46.Web.csproj", "{ECACDDF9-41BE-4D9E-822D-8A2D88FFA469}"
EndProject
Project("{FAE04EC0-301F-11D3-BF4B-00C04F79EFBC}") = "ShopCET46.Prism", "ShopCET46.Prism\ShopCET46.Prism\ShopCET46.Prism.csproj", "{E6033027-3125-4313-8400-17B4C343BB3F}"
EndProject
Project("{FAE04EC0-301F-11D3-BF4B-00C04F79EFBC}") = "ShopCET46.Prism.Android", "ShopCET46.Prism\ShopCET46.Prism.Android\ShopCET46.Prism.Android.csproj", "{DAF8FFA7-AE2D-4E47-95AF-D154CB92ADE8}"
EndProject
Project("{FAE04EC0-301F-11D3-BF4B-00C04F79EFBC}") = "ShopCET46.Prism.iOS", "ShopCET46.Prism\ShopCET46.Prism.iOS\ShopCET46.Prism.iOS.csproj", "{AF89130A-A105-4331-97A2-E286E015BD74}"
EndProject
Global
	GlobalSection(SolutionConfigurationPlatforms) = preSolution
		Ad-Hoc|Any CPU = Ad-Hoc|Any CPU
		Ad-Hoc|iPhone = Ad-Hoc|iPhone
		Ad-Hoc|iPhoneSimulator = Ad-Hoc|iPhoneSimulator
		AppStore|Any CPU = AppStore|Any CPU
		AppStore|iPhone = AppStore|iPhone
		AppStore|iPhoneSimulator = AppStore|iPhoneSimulator
		Debug|Any CPU = Debug|Any CPU
		Debug|iPhone = Debug|iPhone
		Debug|iPhoneSimulator = Debug|iPhoneSimulator
		Release|Any CPU = Release|Any CPU
		Release|iPhone = Release|iPhone
		Release|iPhoneSimulator = Release|iPhoneSimulator
	EndGlobalSection
	GlobalSection(ProjectConfigurationPlatforms) = postSolution
		{7634B647-F4A5-431B-94B8-BF2712729013}.Ad-Hoc|Any CPU.ActiveCfg = Release|Any CPU
		{7634B647-F4A5-431B-94B8-BF2712729013}.Ad-Hoc|Any CPU.Build.0 = Release|Any CPU
		{7634B647-F4A5-431B-94B8-BF2712729013}.Ad-Hoc|iPhone.ActiveCfg = Release|Any CPU
		{7634B647-F4A5-431B-94B8-BF2712729013}.Ad-Hoc|iPhone.Build.0 = Release|Any CPU
		{7634B647-F4A5-431B-94B8-BF2712729013}.Ad-Hoc|iPhoneSimulator.ActiveCfg = Release|Any CPU
		{7634B647-F4A5-431B-94B8-BF2712729013}.Ad-Hoc|iPhoneSimulator.Build.0 = Release|Any CPU
		{7634B647-F4A5-431B-94B8-BF2712729013}.AppStore|Any CPU.ActiveCfg = Release|Any CPU
		{7634B647-F4A5-431B-94B8-BF2712729013}.AppStore|Any CPU.Build.0 = Release|Any CPU
		{7634B647-F4A5-431B-94B8-BF2712729013}.AppStore|iPhone.ActiveCfg = Release|Any CPU
		{7634B647-F4A5-431B-94B8-BF2712729013}.AppStore|iPhone.Build.0 = Release|Any CPU
		{7634B647-F4A5-431B-94B8-BF2712729013}.AppStore|iPhoneSimulator.ActiveCfg = Release|Any CPU
		{7634B647-F4A5-431B-94B8-BF2712729013}.AppStore|iPhoneSimulator.Build.0 = Release|Any CPU
		{7634B647-F4A5-431B-94B8-BF2712729013}.Debug|Any CPU.ActiveCfg = Debug|Any CPU
		{7634B647-F4A5-431B-94B8-BF2712729013}.Debug|Any CPU.Build.0 = Debug|Any CPU
		{7634B647-F4A5-431B-94B8-BF2712729013}.Debug|iPhone.ActiveCfg = Debug|Any CPU
		{7634B647-F4A5-431B-94B8-BF2712729013}.Debug|iPhone.Build.0 = Debug|Any CPU
		{7634B647-F4A5-431B-94B8-BF2712729013}.Debug|iPhoneSimulator.ActiveCfg = Debug|Any CPU
		{7634B647-F4A5-431B-94B8-BF2712729013}.Debug|iPhoneSimulator.Build.0 = Debug|Any CPU
		{7634B647-F4A5-431B-94B8-BF2712729013}.Release|Any CPU.ActiveCfg = Release|Any CPU
		{7634B647-F4A5-431B-94B8-BF2712729013}.Release|Any CPU.Build.0 = Release|Any CPU
		{7634B647-F4A5-431B-94B8-BF2712729013}.Release|iPhone.ActiveCfg = Release|Any CPU
		{7634B647-F4A5-431B-94B8-BF2712729013}.Release|iPhone.Build.0 = Release|Any CPU
		{7634B647-F4A5-431B-94B8-BF2712729013}.Release|iPhoneSimulator.ActiveCfg = Release|Any CPU
		{7634B647-F4A5-431B-94B8-BF2712729013}.Release|iPhoneSimulator.Build.0 = Release|Any CPU
		{ECACDDF9-41BE-4D9E-822D-8A2D88FFA469}.Ad-Hoc|Any CPU.ActiveCfg = Release|Any CPU
		{ECACDDF9-41BE-4D9E-822D-8A2D88FFA469}.Ad-Hoc|Any CPU.Build.0 = Release|Any CPU
		{ECACDDF9-41BE-4D9E-822D-8A2D88FFA469}.Ad-Hoc|iPhone.ActiveCfg = Release|Any CPU
		{ECACDDF9-41BE-4D9E-822D-8A2D88FFA469}.Ad-Hoc|iPhone.Build.0 = Release|Any CPU
		{ECACDDF9-41BE-4D9E-822D-8A2D88FFA469}.Ad-Hoc|iPhoneSimulator.ActiveCfg = Release|Any CPU
		{ECACDDF9-41BE-4D9E-822D-8A2D88FFA469}.Ad-Hoc|iPhoneSimulator.Build.0 = Release|Any CPU
		{ECACDDF9-41BE-4D9E-822D-8A2D88FFA469}.AppStore|Any CPU.ActiveCfg = Release|Any CPU
		{ECACDDF9-41BE-4D9E-822D-8A2D88FFA469}.AppStore|Any CPU.Build.0 = Release|Any CPU
		{ECACDDF9-41BE-4D9E-822D-8A2D88FFA469}.AppStore|iPhone.ActiveCfg = Release|Any CPU
		{ECACDDF9-41BE-4D9E-822D-8A2D88FFA469}.AppStore|iPhone.Build.0 = Release|Any CPU
		{ECACDDF9-41BE-4D9E-822D-8A2D88FFA469}.AppStore|iPhoneSimulator.ActiveCfg = Release|Any CPU
		{ECACDDF9-41BE-4D9E-822D-8A2D88FFA469}.AppStore|iPhoneSimulator.Build.0 = Release|Any CPU
		{ECACDDF9-41BE-4D9E-822D-8A2D88FFA469}.Debug|Any CPU.ActiveCfg = Debug|Any CPU
		{ECACDDF9-41BE-4D9E-822D-8A2D88FFA469}.Debug|Any CPU.Build.0 = Debug|Any CPU
		{ECACDDF9-41BE-4D9E-822D-8A2D88FFA469}.Debug|iPhone.ActiveCfg = Debug|Any CPU
		{ECACDDF9-41BE-4D9E-822D-8A2D88FFA469}.Debug|iPhone.Build.0 = Debug|Any CPU
		{ECACDDF9-41BE-4D9E-822D-8A2D88FFA469}.Debug|iPhoneSimulator.ActiveCfg = Debug|Any CPU
		{ECACDDF9-41BE-4D9E-822D-8A2D88FFA469}.Debug|iPhoneSimulator.Build.0 = Debug|Any CPU
		{ECACDDF9-41BE-4D9E-822D-8A2D88FFA469}.Release|Any CPU.ActiveCfg = Release|Any CPU
		{ECACDDF9-41BE-4D9E-822D-8A2D88FFA469}.Release|Any CPU.Build.0 = Release|Any CPU
		{ECACDDF9-41BE-4D9E-822D-8A2D88FFA469}.Release|iPhone.ActiveCfg = Release|Any CPU
		{ECACDDF9-41BE-4D9E-822D-8A2D88FFA469}.Release|iPhone.Build.0 = Release|Any CPU
		{ECACDDF9-41BE-4D9E-822D-8A2D88FFA469}.Release|iPhoneSimulator.ActiveCfg = Release|Any CPU
		{ECACDDF9-41BE-4D9E-822D-8A2D88FFA469}.Release|iPhoneSimulator.Build.0 = Release|Any CPU
		{E6033027-3125-4313-8400-17B4C343BB3F}.Ad-Hoc|Any CPU.ActiveCfg = Debug|Any CPU
		{E6033027-3125-4313-8400-17B4C343BB3F}.Ad-Hoc|Any CPU.Build.0 = Debug|Any CPU
		{E6033027-3125-4313-8400-17B4C343BB3F}.Ad-Hoc|iPhone.ActiveCfg = Debug|Any CPU
		{E6033027-3125-4313-8400-17B4C343BB3F}.Ad-Hoc|iPhone.Build.0 = Debug|Any CPU
		{E6033027-3125-4313-8400-17B4C343BB3F}.Ad-Hoc|iPhoneSimulator.ActiveCfg = Debug|Any CPU
		{E6033027-3125-4313-8400-17B4C343BB3F}.Ad-Hoc|iPhoneSimulator.Build.0 = Debug|Any CPU
		{E6033027-3125-4313-8400-17B4C343BB3F}.AppStore|Any CPU.ActiveCfg = Debug|Any CPU
		{E6033027-3125-4313-8400-17B4C343BB3F}.AppStore|Any CPU.Build.0 = Debug|Any CPU
		{E6033027-3125-4313-8400-17B4C343BB3F}.AppStore|iPhone.ActiveCfg = Debug|Any CPU
		{E6033027-3125-4313-8400-17B4C343BB3F}.AppStore|iPhone.Build.0 = Debug|Any CPU
		{E6033027-3125-4313-8400-17B4C343BB3F}.AppStore|iPhoneSimulator.ActiveCfg = Debug|Any CPU
		{E6033027-3125-4313-8400-17B4C343BB3F}.AppStore|iPhoneSimulator.Build.0 = Debug|Any CPU
		{E6033027-3125-4313-8400-17B4C343BB3F}.Debug|Any CPU.ActiveCfg = Debug|Any CPU
		{E6033027-3125-4313-8400-17B4C343BB3F}.Debug|Any CPU.Build.0 = Debug|Any CPU
		{E6033027-3125-4313-8400-17B4C343BB3F}.Debug|iPhone.ActiveCfg = Debug|Any CPU
		{E6033027-3125-4313-8400-17B4C343BB3F}.Debug|iPhone.Build.0 = Debug|Any CPU
		{E6033027-3125-4313-8400-17B4C343BB3F}.Debug|iPhoneSimulator.ActiveCfg = Debug|Any CPU
		{E6033027-3125-4313-8400-17B4C343BB3F}.Debug|iPhoneSimulator.Build.0 = Debug|Any CPU
		{E6033027-3125-4313-8400-17B4C343BB3F}.Release|Any CPU.ActiveCfg = Release|Any CPU
		{E6033027-3125-4313-8400-17B4C343BB3F}.Release|Any CPU.Build.0 = Release|Any CPU
		{E6033027-3125-4313-8400-17B4C343BB3F}.Release|iPhone.ActiveCfg = Release|Any CPU
		{E6033027-3125-4313-8400-17B4C343BB3F}.Release|iPhone.Build.0 = Release|Any CPU
		{E6033027-3125-4313-8400-17B4C343BB3F}.Release|iPhoneSimulator.ActiveCfg = Release|Any CPU
		{E6033027-3125-4313-8400-17B4C343BB3F}.Release|iPhoneSimulator.Build.0 = Release|Any CPU
		{DAF8FFA7-AE2D-4E47-95AF-D154CB92ADE8}.Ad-Hoc|Any CPU.ActiveCfg = Release|Any CPU
		{DAF8FFA7-AE2D-4E47-95AF-D154CB92ADE8}.Ad-Hoc|Any CPU.Build.0 = Release|Any CPU
		{DAF8FFA7-AE2D-4E47-95AF-D154CB92ADE8}.Ad-Hoc|Any CPU.Deploy.0 = Release|Any CPU
		{DAF8FFA7-AE2D-4E47-95AF-D154CB92ADE8}.Ad-Hoc|iPhone.ActiveCfg = Release|Any CPU
		{DAF8FFA7-AE2D-4E47-95AF-D154CB92ADE8}.Ad-Hoc|iPhone.Build.0 = Release|Any CPU
		{DAF8FFA7-AE2D-4E47-95AF-D154CB92ADE8}.Ad-Hoc|iPhone.Deploy.0 = Release|Any CPU
		{DAF8FFA7-AE2D-4E47-95AF-D154CB92ADE8}.Ad-Hoc|iPhoneSimulator.ActiveCfg = Release|Any CPU
		{DAF8FFA7-AE2D-4E47-95AF-D154CB92ADE8}.Ad-Hoc|iPhoneSimulator.Build.0 = Release|Any CPU
		{DAF8FFA7-AE2D-4E47-95AF-D154CB92ADE8}.Ad-Hoc|iPhoneSimulator.Deploy.0 = Release|Any CPU
		{DAF8FFA7-AE2D-4E47-95AF-D154CB92ADE8}.AppStore|Any CPU.ActiveCfg = Release|Any CPU
		{DAF8FFA7-AE2D-4E47-95AF-D154CB92ADE8}.AppStore|Any CPU.Build.0 = Release|Any CPU
		{DAF8FFA7-AE2D-4E47-95AF-D154CB92ADE8}.AppStore|Any CPU.Deploy.0 = Release|Any CPU
		{DAF8FFA7-AE2D-4E47-95AF-D154CB92ADE8}.AppStore|iPhone.ActiveCfg = Release|Any CPU
		{DAF8FFA7-AE2D-4E47-95AF-D154CB92ADE8}.AppStore|iPhone.Build.0 = Release|Any CPU
		{DAF8FFA7-AE2D-4E47-95AF-D154CB92ADE8}.AppStore|iPhone.Deploy.0 = Release|Any CPU
		{DAF8FFA7-AE2D-4E47-95AF-D154CB92ADE8}.AppStore|iPhoneSimulator.ActiveCfg = Release|Any CPU
		{DAF8FFA7-AE2D-4E47-95AF-D154CB92ADE8}.AppStore|iPhoneSimulator.Build.0 = Release|Any CPU
		{DAF8FFA7-AE2D-4E47-95AF-D154CB92ADE8}.AppStore|iPhoneSimulator.Deploy.0 = Release|Any CPU
		{DAF8FFA7-AE2D-4E47-95AF-D154CB92ADE8}.Debug|Any CPU.ActiveCfg = Debug|Any CPU
		{DAF8FFA7-AE2D-4E47-95AF-D154CB92ADE8}.Debug|Any CPU.Build.0 = Debug|Any CPU
		{DAF8FFA7-AE2D-4E47-95AF-D154CB92ADE8}.Debug|Any CPU.Deploy.0 = Debug|Any CPU
		{DAF8FFA7-AE2D-4E47-95AF-D154CB92ADE8}.Debug|iPhone.ActiveCfg = Debug|Any CPU
		{DAF8FFA7-AE2D-4E47-95AF-D154CB92ADE8}.Debug|iPhone.Build.0 = Debug|Any CPU
		{DAF8FFA7-AE2D-4E47-95AF-D154CB92ADE8}.Debug|iPhone.Deploy.0 = Debug|Any CPU
		{DAF8FFA7-AE2D-4E47-95AF-D154CB92ADE8}.Debug|iPhoneSimulator.ActiveCfg = Debug|Any CPU
		{DAF8FFA7-AE2D-4E47-95AF-D154CB92ADE8}.Debug|iPhoneSimulator.Build.0 = Debug|Any CPU
		{DAF8FFA7-AE2D-4E47-95AF-D154CB92ADE8}.Debug|iPhoneSimulator.Deploy.0 = Debug|Any CPU
		{DAF8FFA7-AE2D-4E47-95AF-D154CB92ADE8}.Release|Any CPU.ActiveCfg = Release|Any CPU
		{DAF8FFA7-AE2D-4E47-95AF-D154CB92ADE8}.Release|Any CPU.Build.0 = Release|Any CPU
		{DAF8FFA7-AE2D-4E47-95AF-D154CB92ADE8}.Release|Any CPU.Deploy.0 = Release|Any CPU
		{DAF8FFA7-AE2D-4E47-95AF-D154CB92ADE8}.Release|iPhone.ActiveCfg = Release|Any CPU
		{DAF8FFA7-AE2D-4E47-95AF-D154CB92ADE8}.Release|iPhone.Build.0 = Release|Any CPU
		{DAF8FFA7-AE2D-4E47-95AF-D154CB92ADE8}.Release|iPhone.Deploy.0 = Release|Any CPU
		{DAF8FFA7-AE2D-4E47-95AF-D154CB92ADE8}.Release|iPhoneSimulator.ActiveCfg = Release|Any CPU
		{DAF8FFA7-AE2D-4E47-95AF-D154CB92ADE8}.Release|iPhoneSimulator.Build.0 = Release|Any CPU
		{DAF8FFA7-AE2D-4E47-95AF-D154CB92ADE8}.Release|iPhoneSimulator.Deploy.0 = Release|Any CPU
		{AF89130A-A105-4331-97A2-E286E015BD74}.Ad-Hoc|Any CPU.ActiveCfg = Ad-Hoc|iPhone
		{AF89130A-A105-4331-97A2-E286E015BD74}.Ad-Hoc|iPhone.ActiveCfg = Ad-Hoc|iPhone
		{AF89130A-A105-4331-97A2-E286E015BD74}.Ad-Hoc|iPhone.Build.0 = Ad-Hoc|iPhone
		{AF89130A-A105-4331-97A2-E286E015BD74}.Ad-Hoc|iPhoneSimulator.ActiveCfg = Ad-Hoc|iPhoneSimulator
		{AF89130A-A105-4331-97A2-E286E015BD74}.Ad-Hoc|iPhoneSimulator.Build.0 = Ad-Hoc|iPhoneSimulator
		{AF89130A-A105-4331-97A2-E286E015BD74}.AppStore|Any CPU.ActiveCfg = AppStore|iPhone
		{AF89130A-A105-4331-97A2-E286E015BD74}.AppStore|iPhone.ActiveCfg = AppStore|iPhone
		{AF89130A-A105-4331-97A2-E286E015BD74}.AppStore|iPhone.Build.0 = AppStore|iPhone
		{AF89130A-A105-4331-97A2-E286E015BD74}.AppStore|iPhoneSimulator.ActiveCfg = AppStore|iPhoneSimulator
		{AF89130A-A105-4331-97A2-E286E015BD74}.AppStore|iPhoneSimulator.Build.0 = AppStore|iPhoneSimulator
		{AF89130A-A105-4331-97A2-E286E015BD74}.Debug|Any CPU.ActiveCfg = Debug|iPhone
		{AF89130A-A105-4331-97A2-E286E015BD74}.Debug|iPhone.ActiveCfg = Debug|iPhone
		{AF89130A-A105-4331-97A2-E286E015BD74}.Debug|iPhone.Build.0 = Debug|iPhone
		{AF89130A-A105-4331-97A2-E286E015BD74}.Debug|iPhoneSimulator.ActiveCfg = Debug|iPhoneSimulator
		{AF89130A-A105-4331-97A2-E286E015BD74}.Debug|iPhoneSimulator.Build.0 = Debug|iPhoneSimulator
		{AF89130A-A105-4331-97A2-E286E015BD74}.Release|Any CPU.ActiveCfg = Release|iPhone
		{AF89130A-A105-4331-97A2-E286E015BD74}.Release|iPhone.ActiveCfg = Release|iPhone
		{AF89130A-A105-4331-97A2-E286E015BD74}.Release|iPhone.Build.0 = Release|iPhone
		{AF89130A-A105-4331-97A2-E286E015BD74}.Release|iPhoneSimulator.ActiveCfg = Release|iPhoneSimulator
		{AF89130A-A105-4331-97A2-E286E015BD74}.Release|iPhoneSimulator.Build.0 = Release|iPhoneSimulator
	EndGlobalSection
	GlobalSection(SolutionProperties) = preSolution
		HideSolutionNode = FALSE
	EndGlobalSection
	GlobalSection(ExtensibilityGlobals) = postSolution
		SolutionGuid = {AE9C0C4F-BD5B-4434-B9D2-84DF9CB08BDC}
	EndGlobalSection
EndGlobal
